
Microsoft Visual Studio Solution File, Format Version 12.00
# Visual Studio Version 17
VisualStudioVersion = 17.5.002.0
MinimumVisualStudioVersion = 10.0.40219.1
Project("{9A19103F-16F7-4668-BE54-9A1E7A4F7556}") = "clinic", "clinic.csproj", "{55BAAC5D-2BB7-4EC1-8D81-A62F97CD6085}"
EndProject
Global
	GlobalSection(SolutionConfigurationPlatforms) = preSolution
		Debug|Any CPU = Debug|Any CPU
		Release|Any CPU = Release|Any CPU
	EndGlobalSection
	GlobalSection(ProjectConfigurationPlatforms) = postSolution
		{55BAAC5D-2BB7-4EC1-8D81-A62F97CD6085}.Debug|Any CPU.ActiveCfg = Debug|Any CPU
		{55BAAC5D-2BB7-4EC1-8D81-A62F97CD6085}.Debug|Any CPU.Build.0 = Debug|Any CPU
		{55BAAC5D-2BB7-4EC1-8D81-A62F97CD6085}.Release|Any CPU.ActiveCfg = Release|Any CPU
		{55BAAC5D-2BB7-4EC1-8D81-A62F97CD6085}.Release|Any CPU.Build.0 = Release|Any CPU
	EndGlobalSection
	GlobalSection(SolutionProperties) = preSolution
		HideSolutionNode = FALSE
	EndGlobalSection
	GlobalSection(ExtensibilityGlobals) = postSolution
		SolutionGuid = {CF637BF2-424F-4EC4-897A-B61B12CE039B}
	EndGlobalSection
EndGlobal
